// !$*UTF8*$!
{
	archiveVersion = 1;
	classes = {
	};
	objectVersion = 46;
	objects = {

/* Begin PBXBuildFile section */
		0A5757DDF9B33081715475F3 /* Pods_BillShare.framework in Frameworks */ = {isa = PBXBuildFile; fileRef = 8AA7EEAD5E721435F5479360 /* Pods_BillShare.framework */; };
		1F0461A91F800DD500C4DDAF /* OnboardingViewController.swift in Sources */ = {isa = PBXBuildFile; fileRef = 1F0461A81F800DD500C4DDAF /* OnboardingViewController.swift */; };
		1F0461AD1F808ED000C4DDAF /* TokenService.swift in Sources */ = {isa = PBXBuildFile; fileRef = 1F0461AC1F808ED000C4DDAF /* TokenService.swift */; };
		1F0461B11F81437600C4DDAF /* UserAccount.swift in Sources */ = {isa = PBXBuildFile; fileRef = 1F0461B01F81437600C4DDAF /* UserAccount.swift */; };
		1F315B1B1F68C79D0066C579 /* UserService.swift in Sources */ = {isa = PBXBuildFile; fileRef = 1F315B1A1F68C79D0066C579 /* UserService.swift */; };
		1F527E401F5664B700157CDF /* AppDelegate.swift in Sources */ = {isa = PBXBuildFile; fileRef = 1F527E3F1F5664B700157CDF /* AppDelegate.swift */; };
		1F527E421F5664B700157CDF /* ViewController.swift in Sources */ = {isa = PBXBuildFile; fileRef = 1F527E411F5664B700157CDF /* ViewController.swift */; };
		1F527E451F5664B700157CDF /* Main.storyboard in Resources */ = {isa = PBXBuildFile; fileRef = 1F527E431F5664B700157CDF /* Main.storyboard */; };
		1F527E4A1F5664B700157CDF /* Assets.xcassets in Resources */ = {isa = PBXBuildFile; fileRef = 1F527E491F5664B700157CDF /* Assets.xcassets */; };
		1F527E4D1F5664B700157CDF /* LaunchScreen.storyboard in Resources */ = {isa = PBXBuildFile; fileRef = 1F527E4B1F5664B700157CDF /* LaunchScreen.storyboard */; };
		1F527E581F5664B700157CDF /* BillShareTests.swift in Sources */ = {isa = PBXBuildFile; fileRef = 1F527E571F5664B700157CDF /* BillShareTests.swift */; };
		1F527E631F5664B700157CDF /* BillShareUITests.swift in Sources */ = {isa = PBXBuildFile; fileRef = 1F527E621F5664B700157CDF /* BillShareUITests.swift */; };
		1F65FEEE1F76BAF5009CA0D1 /* LoginService.swift in Sources */ = {isa = PBXBuildFile; fileRef = 1F65FEED1F76BAF5009CA0D1 /* LoginService.swift */; };
		1F925ADA1F5F97EE00F14CD2 /* User+CoreDataClass.swift in Sources */ = {isa = PBXBuildFile; fileRef = 1F925AD81F5F97EE00F14CD2 /* User+CoreDataClass.swift */; };
		1F9DFC621F69F7E900545832 /* LoginViewController.swift in Sources */ = {isa = PBXBuildFile; fileRef = 1F9DFC611F69F7E900545832 /* LoginViewController.swift */; };
		1FB1823C1F5D9B6400E9EA1E /* LineSeparator.swift in Sources */ = {isa = PBXBuildFile; fileRef = 1FB1823B1F5D9B6400E9EA1E /* LineSeparator.swift */; };
		1FB182471F5DF2CA00E9EA1E /* DataController.swift in Sources */ = {isa = PBXBuildFile; fileRef = 1FB182461F5DF2CA00E9EA1E /* DataController.swift */; };
		1FB182491F5DF2F500E9EA1E /* DataHelper.swift in Sources */ = {isa = PBXBuildFile; fileRef = 1FB182481F5DF2F500E9EA1E /* DataHelper.swift */; };
		1FB182601F5DFB1800E9EA1E /* Model.xcdatamodeld in Sources */ = {isa = PBXBuildFile; fileRef = 1FB1825E1F5DFB1800E9EA1E /* Model.xcdatamodeld */; };
		1FB182671F5DFD3A00E9EA1E /* Bill+CoreDataClass.swift in Sources */ = {isa = PBXBuildFile; fileRef = 1FB182651F5DFD3A00E9EA1E /* Bill+CoreDataClass.swift */; };
		1FB1826A1F5E02A500E9EA1E /* BillViewController.swift in Sources */ = {isa = PBXBuildFile; fileRef = 1FB182691F5E02A500E9EA1E /* BillViewController.swift */; };
		1FB1826C1F5E073700E9EA1E /* BillCell.swift in Sources */ = {isa = PBXBuildFile; fileRef = 1FB1826B1F5E073700E9EA1E /* BillCell.swift */; };
		1FBB35EA1F6599C8001F0705 /* Percentage+CoreDataClass.swift in Sources */ = {isa = PBXBuildFile; fileRef = 1FBB35E81F6599C8001F0705 /* Percentage+CoreDataClass.swift */; };
		7372F4EA84A41E6925D8426F /* Pods_BillShareTests.framework in Frameworks */ = {isa = PBXBuildFile; fileRef = E72C3BD124EB7096FC7019D1 /* Pods_BillShareTests.framework */; };
		9C62AA44BB243CE81E52CBA1 /* Pods_BillShareUITests.framework in Frameworks */ = {isa = PBXBuildFile; fileRef = 20E4657B25BBA478D0FBFF95 /* Pods_BillShareUITests.framework */; };
/* End PBXBuildFile section */

/* Begin PBXContainerItemProxy section */
		1F527E541F5664B700157CDF /* PBXContainerItemProxy */ = {
			isa = PBXContainerItemProxy;
			containerPortal = 1F527E341F5664B700157CDF /* Project object */;
			proxyType = 1;
			remoteGlobalIDString = 1F527E3B1F5664B700157CDF;
			remoteInfo = BillShare;
		};
		1F527E5F1F5664B700157CDF /* PBXContainerItemProxy */ = {
			isa = PBXContainerItemProxy;
			containerPortal = 1F527E341F5664B700157CDF /* Project object */;
			proxyType = 1;
			remoteGlobalIDString = 1F527E3B1F5664B700157CDF;
			remoteInfo = BillShare;
		};
/* End PBXContainerItemProxy section */

/* Begin PBXFileReference section */
		05A4987B01D7816BB8DA8BEC /* Pods-BillShareUITests.release.xcconfig */ = {isa = PBXFileReference; includeInIndex = 1; lastKnownFileType = text.xcconfig; name = "Pods-BillShareUITests.release.xcconfig"; path = "Pods/Target Support Files/Pods-BillShareUITests/Pods-BillShareUITests.release.xcconfig"; sourceTree = "<group>"; };
		1F0461A81F800DD500C4DDAF /* OnboardingViewController.swift */ = {isa = PBXFileReference; lastKnownFileType = sourcecode.swift; path = OnboardingViewController.swift; sourceTree = "<group>"; };
		1F0461AC1F808ED000C4DDAF /* TokenService.swift */ = {isa = PBXFileReference; lastKnownFileType = sourcecode.swift; path = TokenService.swift; sourceTree = "<group>"; };
		1F0461B01F81437600C4DDAF /* UserAccount.swift */ = {isa = PBXFileReference; lastKnownFileType = sourcecode.swift; path = UserAccount.swift; sourceTree = "<group>"; };
		1F315B1A1F68C79D0066C579 /* UserService.swift */ = {isa = PBXFileReference; fileEncoding = 4; lastKnownFileType = sourcecode.swift; path = UserService.swift; sourceTree = "<group>"; };
		1F527E3C1F5664B700157CDF /* BillShare.app */ = {isa = PBXFileReference; explicitFileType = wrapper.application; includeInIndex = 0; path = BillShare.app; sourceTree = BUILT_PRODUCTS_DIR; };
		1F527E3F1F5664B700157CDF /* AppDelegate.swift */ = {isa = PBXFileReference; lastKnownFileType = sourcecode.swift; path = AppDelegate.swift; sourceTree = "<group>"; };
		1F527E411F5664B700157CDF /* ViewController.swift */ = {isa = PBXFileReference; lastKnownFileType = sourcecode.swift; path = ViewController.swift; sourceTree = "<group>"; };
		1F527E441F5664B700157CDF /* Base */ = {isa = PBXFileReference; lastKnownFileType = file.storyboard; name = Base; path = Base.lproj/Main.storyboard; sourceTree = "<group>"; };
		1F527E491F5664B700157CDF /* Assets.xcassets */ = {isa = PBXFileReference; lastKnownFileType = folder.assetcatalog; path = Assets.xcassets; sourceTree = "<group>"; };
		1F527E4C1F5664B700157CDF /* Base */ = {isa = PBXFileReference; lastKnownFileType = file.storyboard; name = Base; path = Base.lproj/LaunchScreen.storyboard; sourceTree = "<group>"; };
		1F527E4E1F5664B700157CDF /* Info.plist */ = {isa = PBXFileReference; lastKnownFileType = text.plist.xml; path = Info.plist; sourceTree = "<group>"; };
		1F527E531F5664B700157CDF /* BillShareTests.xctest */ = {isa = PBXFileReference; explicitFileType = wrapper.cfbundle; includeInIndex = 0; path = BillShareTests.xctest; sourceTree = BUILT_PRODUCTS_DIR; };
		1F527E571F5664B700157CDF /* BillShareTests.swift */ = {isa = PBXFileReference; lastKnownFileType = sourcecode.swift; path = BillShareTests.swift; sourceTree = "<group>"; };
		1F527E591F5664B700157CDF /* Info.plist */ = {isa = PBXFileReference; lastKnownFileType = text.plist.xml; path = Info.plist; sourceTree = "<group>"; };
		1F527E5E1F5664B700157CDF /* BillShareUITests.xctest */ = {isa = PBXFileReference; explicitFileType = wrapper.cfbundle; includeInIndex = 0; path = BillShareUITests.xctest; sourceTree = BUILT_PRODUCTS_DIR; };
		1F527E621F5664B700157CDF /* BillShareUITests.swift */ = {isa = PBXFileReference; lastKnownFileType = sourcecode.swift; path = BillShareUITests.swift; sourceTree = "<group>"; };
		1F527E641F5664B700157CDF /* Info.plist */ = {isa = PBXFileReference; lastKnownFileType = text.plist.xml; path = Info.plist; sourceTree = "<group>"; };
		1F65FEED1F76BAF5009CA0D1 /* LoginService.swift */ = {isa = PBXFileReference; lastKnownFileType = sourcecode.swift; path = LoginService.swift; sourceTree = "<group>"; };
		1F925AD81F5F97EE00F14CD2 /* User+CoreDataClass.swift */ = {isa = PBXFileReference; fileEncoding = 4; lastKnownFileType = sourcecode.swift; path = "User+CoreDataClass.swift"; sourceTree = "<group>"; };
		1F9DFC611F69F7E900545832 /* LoginViewController.swift */ = {isa = PBXFileReference; fileEncoding = 4; lastKnownFileType = sourcecode.swift; path = LoginViewController.swift; sourceTree = "<group>"; };
		1FB1823B1F5D9B6400E9EA1E /* LineSeparator.swift */ = {isa = PBXFileReference; fileEncoding = 4; lastKnownFileType = sourcecode.swift; path = LineSeparator.swift; sourceTree = "<group>"; };
		1FB182461F5DF2CA00E9EA1E /* DataController.swift */ = {isa = PBXFileReference; fileEncoding = 4; lastKnownFileType = sourcecode.swift; path = DataController.swift; sourceTree = "<group>"; };
		1FB182481F5DF2F500E9EA1E /* DataHelper.swift */ = {isa = PBXFileReference; fileEncoding = 4; lastKnownFileType = sourcecode.swift; path = DataHelper.swift; sourceTree = "<group>"; };
		1FB1825F1F5DFB1800E9EA1E /* Model.xcdatamodel */ = {isa = PBXFileReference; lastKnownFileType = wrapper.xcdatamodel; path = Model.xcdatamodel; sourceTree = "<group>"; };
		1FB182651F5DFD3A00E9EA1E /* Bill+CoreDataClass.swift */ = {isa = PBXFileReference; fileEncoding = 4; lastKnownFileType = sourcecode.swift; path = "Bill+CoreDataClass.swift"; sourceTree = "<group>"; };
		1FB182691F5E02A500E9EA1E /* BillViewController.swift */ = {isa = PBXFileReference; fileEncoding = 4; lastKnownFileType = sourcecode.swift; path = BillViewController.swift; sourceTree = "<group>"; };
		1FB1826B1F5E073700E9EA1E /* BillCell.swift */ = {isa = PBXFileReference; fileEncoding = 4; lastKnownFileType = sourcecode.swift; path = BillCell.swift; sourceTree = "<group>"; };
		1FBB35E81F6599C8001F0705 /* Percentage+CoreDataClass.swift */ = {isa = PBXFileReference; fileEncoding = 4; lastKnownFileType = sourcecode.swift; path = "Percentage+CoreDataClass.swift"; sourceTree = "<group>"; };
		20E4657B25BBA478D0FBFF95 /* Pods_BillShareUITests.framework */ = {isa = PBXFileReference; explicitFileType = wrapper.framework; includeInIndex = 0; path = Pods_BillShareUITests.framework; sourceTree = BUILT_PRODUCTS_DIR; };
		3FACA193BAE4429AC20F878C /* Pods-BillShare.release.xcconfig */ = {isa = PBXFileReference; includeInIndex = 1; lastKnownFileType = text.xcconfig; name = "Pods-BillShare.release.xcconfig"; path = "Pods/Target Support Files/Pods-BillShare/Pods-BillShare.release.xcconfig"; sourceTree = "<group>"; };
		4C18C3F1C9FD9256056EA37A /* Pods-BillShareTests.release.xcconfig */ = {isa = PBXFileReference; includeInIndex = 1; lastKnownFileType = text.xcconfig; name = "Pods-BillShareTests.release.xcconfig"; path = "Pods/Target Support Files/Pods-BillShareTests/Pods-BillShareTests.release.xcconfig"; sourceTree = "<group>"; };
		52E19BEAFDB77FF5AFECEB5E /* Pods-BillShareUITests.debug.xcconfig */ = {isa = PBXFileReference; includeInIndex = 1; lastKnownFileType = text.xcconfig; name = "Pods-BillShareUITests.debug.xcconfig"; path = "Pods/Target Support Files/Pods-BillShareUITests/Pods-BillShareUITests.debug.xcconfig"; sourceTree = "<group>"; };
		885351C0FEC2B4D35486B088 /* Pods-BillShareTests.debug.xcconfig */ = {isa = PBXFileReference; includeInIndex = 1; lastKnownFileType = text.xcconfig; name = "Pods-BillShareTests.debug.xcconfig"; path = "Pods/Target Support Files/Pods-BillShareTests/Pods-BillShareTests.debug.xcconfig"; sourceTree = "<group>"; };
		8AA7EEAD5E721435F5479360 /* Pods_BillShare.framework */ = {isa = PBXFileReference; explicitFileType = wrapper.framework; includeInIndex = 0; path = Pods_BillShare.framework; sourceTree = BUILT_PRODUCTS_DIR; };
		8DBE180CAC54F31468F0182E /* Pods-BillShare.debug.xcconfig */ = {isa = PBXFileReference; includeInIndex = 1; lastKnownFileType = text.xcconfig; name = "Pods-BillShare.debug.xcconfig"; path = "Pods/Target Support Files/Pods-BillShare/Pods-BillShare.debug.xcconfig"; sourceTree = "<group>"; };
		E72C3BD124EB7096FC7019D1 /* Pods_BillShareTests.framework */ = {isa = PBXFileReference; explicitFileType = wrapper.framework; includeInIndex = 0; path = Pods_BillShareTests.framework; sourceTree = BUILT_PRODUCTS_DIR; };
/* End PBXFileReference section */

/* Begin PBXFrameworksBuildPhase section */
		1F527E391F5664B700157CDF /* Frameworks */ = {
			isa = PBXFrameworksBuildPhase;
			buildActionMask = 2147483647;
			files = (
				0A5757DDF9B33081715475F3 /* Pods_BillShare.framework in Frameworks */,
			);
			runOnlyForDeploymentPostprocessing = 0;
		};
		1F527E501F5664B700157CDF /* Frameworks */ = {
			isa = PBXFrameworksBuildPhase;
			buildActionMask = 2147483647;
			files = (
				7372F4EA84A41E6925D8426F /* Pods_BillShareTests.framework in Frameworks */,
			);
			runOnlyForDeploymentPostprocessing = 0;
		};
		1F527E5B1F5664B700157CDF /* Frameworks */ = {
			isa = PBXFrameworksBuildPhase;
			buildActionMask = 2147483647;
			files = (
				9C62AA44BB243CE81E52CBA1 /* Pods_BillShareUITests.framework in Frameworks */,
			);
			runOnlyForDeploymentPostprocessing = 0;
		};
/* End PBXFrameworksBuildPhase section */

/* Begin PBXGroup section */
		1F0461A61F800B8D00C4DDAF /* Onboarding */ = {
			isa = PBXGroup;
			children = (
				1F0461A71F800B9A00C4DDAF /* Views */,
			);
			name = Onboarding;
			sourceTree = "<group>";
		};
		1F0461A71F800B9A00C4DDAF /* Views */ = {
			isa = PBXGroup;
			children = (
				1F0461A81F800DD500C4DDAF /* OnboardingViewController.swift */,
			);
			name = Views;
			sourceTree = "<group>";
		};
		1F0461AA1F808EB100C4DDAF /* Token */ = {
			isa = PBXGroup;
			children = (
				1F0461AC1F808ED000C4DDAF /* TokenService.swift */,
			);
			name = Token;
			sourceTree = "<group>";
		};
		1F0461AE1F8139B800C4DDAF /* Alert */ = {
			isa = PBXGroup;
			children = (
			);
			name = Alert;
			sourceTree = "<group>";
		};
		1F0461AF1F81435600C4DDAF /* Model */ = {
			isa = PBXGroup;
			children = (
				1F0461B01F81437600C4DDAF /* UserAccount.swift */,
			);
			name = Model;
			sourceTree = "<group>";
		};
		1F315B191F68C6600066C579 /* Service */ = {
			isa = PBXGroup;
			children = (
				1F315B1A1F68C79D0066C579 /* UserService.swift */,
			);
			name = Service;
			sourceTree = "<group>";
		};
		1F527E331F5664B700157CDF = {
			isa = PBXGroup;
			children = (
				1FBB35E81F6599C8001F0705 /* Percentage+CoreDataClass.swift */,
				1F925AD81F5F97EE00F14CD2 /* User+CoreDataClass.swift */,
				1FB182651F5DFD3A00E9EA1E /* Bill+CoreDataClass.swift */,
				1F527E3E1F5664B700157CDF /* BillShare */,
				1F527E561F5664B700157CDF /* BillShareTests */,
				1F527E611F5664B700157CDF /* BillShareUITests */,
				1F527E3D1F5664B700157CDF /* Products */,
				4B6E42F4579EA3432E397BEF /* Pods */,
				76E954773390937A8789B566 /* Frameworks */,
			);
			sourceTree = "<group>";
		};
		1F527E3D1F5664B700157CDF /* Products */ = {
			isa = PBXGroup;
			children = (
				1F527E3C1F5664B700157CDF /* BillShare.app */,
				1F527E531F5664B700157CDF /* BillShareTests.xctest */,
				1F527E5E1F5664B700157CDF /* BillShareUITests.xctest */,
			);
			name = Products;
			sourceTree = "<group>";
		};
		1F527E3E1F5664B700157CDF /* BillShare */ = {
			isa = PBXGroup;
			children = (
				1F0461A61F800B8D00C4DDAF /* Onboarding */,
				1F9DFC631F69F82500545832 /* Dashboard */,
				1F9DFC5F1F69F79700545832 /* Login */,
				1F315B191F68C6600066C579 /* Service */,
				1FB1824A1F5DF38100E9EA1E /* Model */,
				1FB1823A1F5D9A8B00E9EA1E /* Common */,
				1F527E3F1F5664B700157CDF /* AppDelegate.swift */,
				1F527E431F5664B700157CDF /* Main.storyboard */,
				1F527E491F5664B700157CDF /* Assets.xcassets */,
				1F527E4B1F5664B700157CDF /* LaunchScreen.storyboard */,
				1F527E4E1F5664B700157CDF /* Info.plist */,
				1FB182461F5DF2CA00E9EA1E /* DataController.swift */,
				1FB182481F5DF2F500E9EA1E /* DataHelper.swift */,
			);
			path = BillShare;
			sourceTree = "<group>";
		};
		1F527E561F5664B700157CDF /* BillShareTests */ = {
			isa = PBXGroup;
			children = (
				1F527E571F5664B700157CDF /* BillShareTests.swift */,
				1F527E591F5664B700157CDF /* Info.plist */,
			);
			path = BillShareTests;
			sourceTree = "<group>";
		};
		1F527E611F5664B700157CDF /* BillShareUITests */ = {
			isa = PBXGroup;
			children = (
				1F527E621F5664B700157CDF /* BillShareUITests.swift */,
				1F527E641F5664B700157CDF /* Info.plist */,
			);
			path = BillShareUITests;
			sourceTree = "<group>";
		};
		1F527E701F5665A700157CDF /* Views */ = {
			isa = PBXGroup;
			children = (
				1F527E411F5664B700157CDF /* ViewController.swift */,
				1FB182691F5E02A500E9EA1E /* BillViewController.swift */,
				1FB1826B1F5E073700E9EA1E /* BillCell.swift */,
			);
			name = Views;
			sourceTree = "<group>";
		};
		1F65FEE91F76BAB0009CA0D1 /* Service */ = {
			isa = PBXGroup;
			children = (
				1F65FEED1F76BAF5009CA0D1 /* LoginService.swift */,
			);
			name = Service;
			sourceTree = "<group>";
		};
		1F9DFC5F1F69F79700545832 /* Login */ = {
			isa = PBXGroup;
			children = (
				1F0461AF1F81435600C4DDAF /* Model */,
				1F65FEE91F76BAB0009CA0D1 /* Service */,
				1F9DFC601F69F79D00545832 /* Views */,
			);
			name = Login;
			sourceTree = "<group>";
		};
		1F9DFC601F69F79D00545832 /* Views */ = {
			isa = PBXGroup;
			children = (
				1F9DFC611F69F7E900545832 /* LoginViewController.swift */,
			);
			name = Views;
			sourceTree = "<group>";
		};
		1F9DFC631F69F82500545832 /* Dashboard */ = {
			isa = PBXGroup;
			children = (
				1F527E701F5665A700157CDF /* Views */,
			);
			name = Dashboard;
			sourceTree = "<group>";
		};
		1FB1823A1F5D9A8B00E9EA1E /* Common */ = {
			isa = PBXGroup;
			children = (
				1F0461AE1F8139B800C4DDAF /* Alert */,
				1F0461AA1F808EB100C4DDAF /* Token */,
				1FB1823B1F5D9B6400E9EA1E /* LineSeparator.swift */,
			);
			name = Common;
			sourceTree = "<group>";
		};
		1FB1824A1F5DF38100E9EA1E /* Model */ = {
			isa = PBXGroup;
			children = (
				1FB1825E1F5DFB1800E9EA1E /* Model.xcdatamodeld */,
			);
			name = Model;
			sourceTree = "<group>";
		};
		4B6E42F4579EA3432E397BEF /* Pods */ = {
			isa = PBXGroup;
			children = (
				8DBE180CAC54F31468F0182E /* Pods-BillShare.debug.xcconfig */,
				3FACA193BAE4429AC20F878C /* Pods-BillShare.release.xcconfig */,
				885351C0FEC2B4D35486B088 /* Pods-BillShareTests.debug.xcconfig */,
				4C18C3F1C9FD9256056EA37A /* Pods-BillShareTests.release.xcconfig */,
				52E19BEAFDB77FF5AFECEB5E /* Pods-BillShareUITests.debug.xcconfig */,
				05A4987B01D7816BB8DA8BEC /* Pods-BillShareUITests.release.xcconfig */,
			);
			name = Pods;
			sourceTree = "<group>";
		};
		76E954773390937A8789B566 /* Frameworks */ = {
			isa = PBXGroup;
			children = (
				8AA7EEAD5E721435F5479360 /* Pods_BillShare.framework */,
				E72C3BD124EB7096FC7019D1 /* Pods_BillShareTests.framework */,
				20E4657B25BBA478D0FBFF95 /* Pods_BillShareUITests.framework */,
			);
			name = Frameworks;
			sourceTree = "<group>";
		};
/* End PBXGroup section */

/* Begin PBXNativeTarget section */
		1F527E3B1F5664B700157CDF /* BillShare */ = {
			isa = PBXNativeTarget;
			buildConfigurationList = 1F527E671F5664B700157CDF /* Build configuration list for PBXNativeTarget "BillShare" */;
			buildPhases = (
				6E34980488E88D7FFC07820D /* [CP] Check Pods Manifest.lock */,
				1F527E381F5664B700157CDF /* Sources */,
				1F527E391F5664B700157CDF /* Frameworks */,
				1F527E3A1F5664B700157CDF /* Resources */,
				58C2BB6014DD49A8FDE5C2F1 /* [CP] Embed Pods Frameworks */,
				C66BCB60D18C258681FE11BB /* [CP] Copy Pods Resources */,
			);
			buildRules = (
			);
			dependencies = (
			);
			name = BillShare;
			productName = BillShare;
			productReference = 1F527E3C1F5664B700157CDF /* BillShare.app */;
			productType = "com.apple.product-type.application";
		};
		1F527E521F5664B700157CDF /* BillShareTests */ = {
			isa = PBXNativeTarget;
			buildConfigurationList = 1F527E6A1F5664B700157CDF /* Build configuration list for PBXNativeTarget "BillShareTests" */;
			buildPhases = (
				4AF4859D1131373354818E06 /* [CP] Check Pods Manifest.lock */,
				1F527E4F1F5664B700157CDF /* Sources */,
				1F527E501F5664B700157CDF /* Frameworks */,
				1F527E511F5664B700157CDF /* Resources */,
				6257E16A53A4515D3848732B /* [CP] Embed Pods Frameworks */,
				A0E3CCFF29E2019DA8CB53B3 /* [CP] Copy Pods Resources */,
			);
			buildRules = (
			);
			dependencies = (
				1F527E551F5664B700157CDF /* PBXTargetDependency */,
			);
			name = BillShareTests;
			productName = BillShareTests;
			productReference = 1F527E531F5664B700157CDF /* BillShareTests.xctest */;
			productType = "com.apple.product-type.bundle.unit-test";
		};
		1F527E5D1F5664B700157CDF /* BillShareUITests */ = {
			isa = PBXNativeTarget;
			buildConfigurationList = 1F527E6D1F5664B700157CDF /* Build configuration list for PBXNativeTarget "BillShareUITests" */;
			buildPhases = (
				B4653DEC353B36675F306A42 /* [CP] Check Pods Manifest.lock */,
				1F527E5A1F5664B700157CDF /* Sources */,
				1F527E5B1F5664B700157CDF /* Frameworks */,
				1F527E5C1F5664B700157CDF /* Resources */,
				F9D968CBB15C6DAAC2B47542 /* [CP] Embed Pods Frameworks */,
				669CA7885FC3A5F61FF8CB9E /* [CP] Copy Pods Resources */,
			);
			buildRules = (
			);
			dependencies = (
				1F527E601F5664B700157CDF /* PBXTargetDependency */,
			);
			name = BillShareUITests;
			productName = BillShareUITests;
			productReference = 1F527E5E1F5664B700157CDF /* BillShareUITests.xctest */;
			productType = "com.apple.product-type.bundle.ui-testing";
		};
/* End PBXNativeTarget section */

/* Begin PBXProject section */
		1F527E341F5664B700157CDF /* Project object */ = {
			isa = PBXProject;
			attributes = {
				LastSwiftUpdateCheck = 0830;
				LastUpgradeCheck = 0900;
				ORGANIZATIONNAME = "Tyler Bobella";
				TargetAttributes = {
					1F527E3B1F5664B700157CDF = {
						CreatedOnToolsVersion = 8.3.3;
						DevelopmentTeam = VN7BJ69MPV;
						LastSwiftMigration = 0900;
						ProvisioningStyle = Automatic;
					};
					1F527E521F5664B700157CDF = {
						CreatedOnToolsVersion = 8.3.3;
						ProvisioningStyle = Automatic;
						TestTargetID = 1F527E3B1F5664B700157CDF;
					};
					1F527E5D1F5664B700157CDF = {
						CreatedOnToolsVersion = 8.3.3;
						ProvisioningStyle = Automatic;
						TestTargetID = 1F527E3B1F5664B700157CDF;
					};
				};
			};
			buildConfigurationList = 1F527E371F5664B700157CDF /* Build configuration list for PBXProject "BillShare" */;
			compatibilityVersion = "Xcode 3.2";
			developmentRegion = English;
			hasScannedForEncodings = 0;
			knownRegions = (
				en,
				Base,
			);
			mainGroup = 1F527E331F5664B700157CDF;
			productRefGroup = 1F527E3D1F5664B700157CDF /* Products */;
			projectDirPath = "";
			projectRoot = "";
			targets = (
				1F527E3B1F5664B700157CDF /* BillShare */,
				1F527E521F5664B700157CDF /* BillShareTests */,
				1F527E5D1F5664B700157CDF /* BillShareUITests */,
			);
		};
/* End PBXProject section */

/* Begin PBXResourcesBuildPhase section */
		1F527E3A1F5664B700157CDF /* Resources */ = {
			isa = PBXResourcesBuildPhase;
			buildActionMask = 2147483647;
			files = (
				1F527E4D1F5664B700157CDF /* LaunchScreen.storyboard in Resources */,
				1F527E4A1F5664B700157CDF /* Assets.xcassets in Resources */,
				1F527E451F5664B700157CDF /* Main.storyboard in Resources */,
			);
			runOnlyForDeploymentPostprocessing = 0;
		};
		1F527E511F5664B700157CDF /* Resources */ = {
			isa = PBXResourcesBuildPhase;
			buildActionMask = 2147483647;
			files = (
			);
			runOnlyForDeploymentPostprocessing = 0;
		};
		1F527E5C1F5664B700157CDF /* Resources */ = {
			isa = PBXResourcesBuildPhase;
			buildActionMask = 2147483647;
			files = (
			);
			runOnlyForDeploymentPostprocessing = 0;
		};
/* End PBXResourcesBuildPhase section */

/* Begin PBXShellScriptBuildPhase section */
		4AF4859D1131373354818E06 /* [CP] Check Pods Manifest.lock */ = {
			isa = PBXShellScriptBuildPhase;
			buildActionMask = 2147483647;
			files = (
			);
			inputPaths = (
				"${PODS_PODFILE_DIR_PATH}/Podfile.lock",
				"${PODS_ROOT}/Manifest.lock",
			);
			name = "[CP] Check Pods Manifest.lock";
			outputPaths = (
				"$(DERIVED_FILE_DIR)/Pods-BillShareTests-checkManifestLockResult.txt",
			);
			runOnlyForDeploymentPostprocessing = 0;
			shellPath = /bin/sh;
			shellScript = "diff \"${PODS_PODFILE_DIR_PATH}/Podfile.lock\" \"${PODS_ROOT}/Manifest.lock\" > /dev/null\nif [ $? != 0 ] ; then\n    # print error to STDERR\n    echo \"error: The sandbox is not in sync with the Podfile.lock. Run 'pod install' or update your CocoaPods installation.\" >&2\n    exit 1\nfi\n# This output is used by Xcode 'outputs' to avoid re-running this script phase.\necho \"SUCCESS\" > \"${SCRIPT_OUTPUT_FILE_0}\"\n";
			showEnvVarsInLog = 0;
		};
		58C2BB6014DD49A8FDE5C2F1 /* [CP] Embed Pods Frameworks */ = {
			isa = PBXShellScriptBuildPhase;
			buildActionMask = 2147483647;
			files = (
			);
			inputPaths = (
				"${SRCROOT}/Pods/Target Support Files/Pods-BillShare/Pods-BillShare-frameworks.sh",
				"${BUILT_PRODUCTS_DIR}/Alamofire/Alamofire.framework",
				"${BUILT_PRODUCTS_DIR}/Locksmith/Locksmith.framework",
				"${BUILT_PRODUCTS_DIR}/Sync/Sync.framework",
			);
			name = "[CP] Embed Pods Frameworks";
			outputPaths = (
				"${TARGET_BUILD_DIR}/${FRAMEWORKS_FOLDER_PATH}/Alamofire.framework",
				"${TARGET_BUILD_DIR}/${FRAMEWORKS_FOLDER_PATH}/Locksmith.framework",
				"${TARGET_BUILD_DIR}/${FRAMEWORKS_FOLDER_PATH}/Sync.framework",
			);
			runOnlyForDeploymentPostprocessing = 0;
			shellPath = /bin/sh;
			shellScript = "\"${SRCROOT}/Pods/Target Support Files/Pods-BillShare/Pods-BillShare-frameworks.sh\"\n";
			showEnvVarsInLog = 0;
		};
		6257E16A53A4515D3848732B /* [CP] Embed Pods Frameworks */ = {
			isa = PBXShellScriptBuildPhase;
			buildActionMask = 2147483647;
			files = (
			);
			inputPaths = (
			);
			name = "[CP] Embed Pods Frameworks";
			outputPaths = (
			);
			runOnlyForDeploymentPostprocessing = 0;
			shellPath = /bin/sh;
			shellScript = "\"${SRCROOT}/Pods/Target Support Files/Pods-BillShareTests/Pods-BillShareTests-frameworks.sh\"\n";
			showEnvVarsInLog = 0;
		};
		669CA7885FC3A5F61FF8CB9E /* [CP] Copy Pods Resources */ = {
			isa = PBXShellScriptBuildPhase;
			buildActionMask = 2147483647;
			files = (
			);
			inputPaths = (
			);
			name = "[CP] Copy Pods Resources";
			outputPaths = (
			);
			runOnlyForDeploymentPostprocessing = 0;
			shellPath = /bin/sh;
			shellScript = "\"${SRCROOT}/Pods/Target Support Files/Pods-BillShareUITests/Pods-BillShareUITests-resources.sh\"\n";
			showEnvVarsInLog = 0;
		};
		6E34980488E88D7FFC07820D /* [CP] Check Pods Manifest.lock */ = {
			isa = PBXShellScriptBuildPhase;
			buildActionMask = 2147483647;
			files = (
			);
			inputPaths = (
				"${PODS_PODFILE_DIR_PATH}/Podfile.lock",
				"${PODS_ROOT}/Manifest.lock",
			);
			name = "[CP] Check Pods Manifest.lock";
			outputPaths = (
				"$(DERIVED_FILE_DIR)/Pods-BillShare-checkManifestLockResult.txt",
			);
			runOnlyForDeploymentPostprocessing = 0;
			shellPath = /bin/sh;
			shellScript = "diff \"${PODS_PODFILE_DIR_PATH}/Podfile.lock\" \"${PODS_ROOT}/Manifest.lock\" > /dev/null\nif [ $? != 0 ] ; then\n    # print error to STDERR\n    echo \"error: The sandbox is not in sync with the Podfile.lock. Run 'pod install' or update your CocoaPods installation.\" >&2\n    exit 1\nfi\n# This output is used by Xcode 'outputs' to avoid re-running this script phase.\necho \"SUCCESS\" > \"${SCRIPT_OUTPUT_FILE_0}\"\n";
			showEnvVarsInLog = 0;
		};
		A0E3CCFF29E2019DA8CB53B3 /* [CP] Copy Pods Resources */ = {
			isa = PBXShellScriptBuildPhase;
			buildActionMask = 2147483647;
			files = (
			);
			inputPaths = (
			);
			name = "[CP] Copy Pods Resources";
			outputPaths = (
			);
			runOnlyForDeploymentPostprocessing = 0;
			shellPath = /bin/sh;
			shellScript = "\"${SRCROOT}/Pods/Target Support Files/Pods-BillShareTests/Pods-BillShareTests-resources.sh\"\n";
			showEnvVarsInLog = 0;
		};
		B4653DEC353B36675F306A42 /* [CP] Check Pods Manifest.lock */ = {
			isa = PBXShellScriptBuildPhase;
			buildActionMask = 2147483647;
			files = (
			);
			inputPaths = (
				"${PODS_PODFILE_DIR_PATH}/Podfile.lock",
				"${PODS_ROOT}/Manifest.lock",
			);
			name = "[CP] Check Pods Manifest.lock";
			outputPaths = (
				"$(DERIVED_FILE_DIR)/Pods-BillShareUITests-checkManifestLockResult.txt",
			);
			runOnlyForDeploymentPostprocessing = 0;
			shellPath = /bin/sh;
			shellScript = "diff \"${PODS_PODFILE_DIR_PATH}/Podfile.lock\" \"${PODS_ROOT}/Manifest.lock\" > /dev/null\nif [ $? != 0 ] ; then\n    # print error to STDERR\n    echo \"error: The sandbox is not in sync with the Podfile.lock. Run 'pod install' or update your CocoaPods installation.\" >&2\n    exit 1\nfi\n# This output is used by Xcode 'outputs' to avoid re-running this script phase.\necho \"SUCCESS\" > \"${SCRIPT_OUTPUT_FILE_0}\"\n";
			showEnvVarsInLog = 0;
		};
		C66BCB60D18C258681FE11BB /* [CP] Copy Pods Resources */ = {
			isa = PBXShellScriptBuildPhase;
			buildActionMask = 2147483647;
			files = (
			);
			inputPaths = (
			);
			name = "[CP] Copy Pods Resources";
			outputPaths = (
			);
			runOnlyForDeploymentPostprocessing = 0;
			shellPath = /bin/sh;
			shellScript = "\"${SRCROOT}/Pods/Target Support Files/Pods-BillShare/Pods-BillShare-resources.sh\"\n";
			showEnvVarsInLog = 0;
		};
		F9D968CBB15C6DAAC2B47542 /* [CP] Embed Pods Frameworks */ = {
			isa = PBXShellScriptBuildPhase;
			buildActionMask = 2147483647;
			files = (
			);
			inputPaths = (
			);
			name = "[CP] Embed Pods Frameworks";
			outputPaths = (
			);
			runOnlyForDeploymentPostprocessing = 0;
			shellPath = /bin/sh;
			shellScript = "\"${SRCROOT}/Pods/Target Support Files/Pods-BillShareUITests/Pods-BillShareUITests-frameworks.sh\"\n";
			showEnvVarsInLog = 0;
		};
/* End PBXShellScriptBuildPhase section */

/* Begin PBXSourcesBuildPhase section */
		1F527E381F5664B700157CDF /* Sources */ = {
			isa = PBXSourcesBuildPhase;
			buildActionMask = 2147483647;
			files = (
				1FB1826A1F5E02A500E9EA1E /* BillViewController.swift in Sources */,
				1FB182671F5DFD3A00E9EA1E /* Bill+CoreDataClass.swift in Sources */,
				1FB182471F5DF2CA00E9EA1E /* DataController.swift in Sources */,
				1F527E421F5664B700157CDF /* ViewController.swift in Sources */,
				1F925ADA1F5F97EE00F14CD2 /* User+CoreDataClass.swift in Sources */,
				1F527E401F5664B700157CDF /* AppDelegate.swift in Sources */,
				1FB182491F5DF2F500E9EA1E /* DataHelper.swift in Sources */,
				1F0461A91F800DD500C4DDAF /* OnboardingViewController.swift in Sources */,
				1F0461B11F81437600C4DDAF /* UserAccount.swift in Sources */,
				1FB1826C1F5E073700E9EA1E /* BillCell.swift in Sources */,
				1F315B1B1F68C79D0066C579 /* UserService.swift in Sources */,
				1FB1823C1F5D9B6400E9EA1E /* LineSeparator.swift in Sources */,
				1FB182601F5DFB1800E9EA1E /* Model.xcdatamodeld in Sources */,
				1F9DFC621F69F7E900545832 /* LoginViewController.swift in Sources */,
				1FBB35EA1F6599C8001F0705 /* Percentage+CoreDataClass.swift in Sources */,
				1F65FEEE1F76BAF5009CA0D1 /* LoginService.swift in Sources */,
				1F0461AD1F808ED000C4DDAF /* TokenService.swift in Sources */,
			);
			runOnlyForDeploymentPostprocessing = 0;
		};
		1F527E4F1F5664B700157CDF /* Sources */ = {
			isa = PBXSourcesBuildPhase;
			buildActionMask = 2147483647;
			files = (
				1F527E581F5664B700157CDF /* BillShareTests.swift in Sources */,
			);
			runOnlyForDeploymentPostprocessing = 0;
		};
		1F527E5A1F5664B700157CDF /* Sources */ = {
			isa = PBXSourcesBuildPhase;
			buildActionMask = 2147483647;
			files = (
				1F527E631F5664B700157CDF /* BillShareUITests.swift in Sources */,
			);
			runOnlyForDeploymentPostprocessing = 0;
		};
/* End PBXSourcesBuildPhase section */

/* Begin PBXTargetDependency section */
		1F527E551F5664B700157CDF /* PBXTargetDependency */ = {
			isa = PBXTargetDependency;
			target = 1F527E3B1F5664B700157CDF /* BillShare */;
			targetProxy = 1F527E541F5664B700157CDF /* PBXContainerItemProxy */;
		};
		1F527E601F5664B700157CDF /* PBXTargetDependency */ = {
			isa = PBXTargetDependency;
			target = 1F527E3B1F5664B700157CDF /* BillShare */;
			targetProxy = 1F527E5F1F5664B700157CDF /* PBXContainerItemProxy */;
		};
/* End PBXTargetDependency section */

/* Begin PBXVariantGroup section */
		1F527E431F5664B700157CDF /* Main.storyboard */ = {
			isa = PBXVariantGroup;
			children = (
				1F527E441F5664B700157CDF /* Base */,
			);
			name = Main.storyboard;
			sourceTree = "<group>";
		};
		1F527E4B1F5664B700157CDF /* LaunchScreen.storyboard */ = {
			isa = PBXVariantGroup;
			children = (
				1F527E4C1F5664B700157CDF /* Base */,
			);
			name = LaunchScreen.storyboard;
			sourceTree = "<group>";
		};
/* End PBXVariantGroup section */

/* Begin XCBuildConfiguration section */
		1F527E651F5664B700157CDF /* Debug */ = {
			isa = XCBuildConfiguration;
			buildSettings = {
				ALWAYS_SEARCH_USER_PATHS = NO;
				CLANG_ANALYZER_NONNULL = YES;
				CLANG_ANALYZER_NUMBER_OBJECT_CONVERSION = YES_AGGRESSIVE;
				CLANG_CXX_LANGUAGE_STANDARD = "gnu++0x";
				CLANG_CXX_LIBRARY = "libc++";
				CLANG_ENABLE_MODULES = YES;
				CLANG_ENABLE_OBJC_ARC = YES;
				CLANG_WARN_BLOCK_CAPTURE_AUTORELEASING = YES;
				CLANG_WARN_BOOL_CONVERSION = YES;
				CLANG_WARN_COMMA = YES;
				CLANG_WARN_CONSTANT_CONVERSION = YES;
				CLANG_WARN_DIRECT_OBJC_ISA_USAGE = YES_ERROR;
				CLANG_WARN_DOCUMENTATION_COMMENTS = YES;
				CLANG_WARN_EMPTY_BODY = YES;
				CLANG_WARN_ENUM_CONVERSION = YES;
				CLANG_WARN_INFINITE_RECURSION = YES;
				CLANG_WARN_INT_CONVERSION = YES;
				CLANG_WARN_NON_LITERAL_NULL_CONVERSION = YES;
				CLANG_WARN_OBJC_LITERAL_CONVERSION = YES;
				CLANG_WARN_OBJC_ROOT_CLASS = YES_ERROR;
				CLANG_WARN_RANGE_LOOP_ANALYSIS = YES;
				CLANG_WARN_STRICT_PROTOTYPES = YES;
				CLANG_WARN_SUSPICIOUS_MOVE = YES;
				CLANG_WARN_UNREACHABLE_CODE = YES;
				CLANG_WARN__DUPLICATE_METHOD_MATCH = YES;
				"CODE_SIGN_IDENTITY[sdk=iphoneos*]" = "iPhone Developer";
				COPY_PHASE_STRIP = NO;
				DEBUG_INFORMATION_FORMAT = dwarf;
				ENABLE_STRICT_OBJC_MSGSEND = YES;
				ENABLE_TESTABILITY = YES;
				GCC_C_LANGUAGE_STANDARD = gnu99;
				GCC_DYNAMIC_NO_PIC = NO;
				GCC_NO_COMMON_BLOCKS = YES;
				GCC_OPTIMIZATION_LEVEL = 0;
				GCC_PREPROCESSOR_DEFINITIONS = (
					"DEBUG=1",
					"$(inherited)",
				);
				GCC_WARN_64_TO_32_BIT_CONVERSION = YES;
				GCC_WARN_ABOUT_RETURN_TYPE = YES_ERROR;
				GCC_WARN_UNDECLARED_SELECTOR = YES;
				GCC_WARN_UNINITIALIZED_AUTOS = YES_AGGRESSIVE;
				GCC_WARN_UNUSED_FUNCTION = YES;
				GCC_WARN_UNUSED_VARIABLE = YES;
				IPHONEOS_DEPLOYMENT_TARGET = 10.3;
				MTL_ENABLE_DEBUG_INFO = YES;
				ONLY_ACTIVE_ARCH = YES;
				SDKROOT = iphoneos;
				SWIFT_ACTIVE_COMPILATION_CONDITIONS = DEBUG;
				SWIFT_OPTIMIZATION_LEVEL = "-Onone";
			};
			name = Debug;
		};
		1F527E661F5664B700157CDF /* Release */ = {
			isa = XCBuildConfiguration;
			buildSettings = {
				ALWAYS_SEARCH_USER_PATHS = NO;
				CLANG_ANALYZER_NONNULL = YES;
				CLANG_ANALYZER_NUMBER_OBJECT_CONVERSION = YES_AGGRESSIVE;
				CLANG_CXX_LANGUAGE_STANDARD = "gnu++0x";
				CLANG_CXX_LIBRARY = "libc++";
				CLANG_ENABLE_MODULES = YES;
				CLANG_ENABLE_OBJC_ARC = YES;
				CLANG_WARN_BLOCK_CAPTURE_AUTORELEASING = YES;
				CLANG_WARN_BOOL_CONVERSION = YES;
				CLANG_WARN_COMMA = YES;
				CLANG_WARN_CONSTANT_CONVERSION = YES;
				CLANG_WARN_DIRECT_OBJC_ISA_USAGE = YES_ERROR;
				CLANG_WARN_DOCUMENTATION_COMMENTS = YES;
				CLANG_WARN_EMPTY_BODY = YES;
				CLANG_WARN_ENUM_CONVERSION = YES;
				CLANG_WARN_INFINITE_RECURSION = YES;
				CLANG_WARN_INT_CONVERSION = YES;
				CLANG_WARN_NON_LITERAL_NULL_CONVERSION = YES;
				CLANG_WARN_OBJC_LITERAL_CONVERSION = YES;
				CLANG_WARN_OBJC_ROOT_CLASS = YES_ERROR;
				CLANG_WARN_RANGE_LOOP_ANALYSIS = YES;
				CLANG_WARN_STRICT_PROTOTYPES = YES;
				CLANG_WARN_SUSPICIOUS_MOVE = YES;
				CLANG_WARN_UNREACHABLE_CODE = YES;
				CLANG_WARN__DUPLICATE_METHOD_MATCH = YES;
				"CODE_SIGN_IDENTITY[sdk=iphoneos*]" = "iPhone Developer";
				COPY_PHASE_STRIP = NO;
				DEBUG_INFORMATION_FORMAT = "dwarf-with-dsym";
				ENABLE_NS_ASSERTIONS = NO;
				ENABLE_STRICT_OBJC_MSGSEND = YES;
				GCC_C_LANGUAGE_STANDARD = gnu99;
				GCC_NO_COMMON_BLOCKS = YES;
				GCC_WARN_64_TO_32_BIT_CONVERSION = YES;
				GCC_WARN_ABOUT_RETURN_TYPE = YES_ERROR;
				GCC_WARN_UNDECLARED_SELECTOR = YES;
				GCC_WARN_UNINITIALIZED_AUTOS = YES_AGGRESSIVE;
				GCC_WARN_UNUSED_FUNCTION = YES;
				GCC_WARN_UNUSED_VARIABLE = YES;
				IPHONEOS_DEPLOYMENT_TARGET = 10.3;
				MTL_ENABLE_DEBUG_INFO = NO;
				SDKROOT = iphoneos;
				SWIFT_OPTIMIZATION_LEVEL = "-Owholemodule";
				VALIDATE_PRODUCT = YES;
			};
			name = Release;
		};
		1F527E681F5664B700157CDF /* Debug */ = {
			isa = XCBuildConfiguration;
			baseConfigurationReference = 8DBE180CAC54F31468F0182E /* Pods-BillShare.debug.xcconfig */;
			buildSettings = {
				ASSETCATALOG_COMPILER_APPICON_NAME = AppIcon;
				CLANG_ENABLE_MODULES = YES;
				DEVELOPMENT_TEAM = VN7BJ69MPV;
				INFOPLIST_FILE = BillShare/Info.plist;
				LD_RUNPATH_SEARCH_PATHS = "$(inherited) @executable_path/Frameworks";
				PRODUCT_BUNDLE_IDENTIFIER = tjb.BillShare;
				PRODUCT_NAME = "$(TARGET_NAME)";
				SWIFT_OPTIMIZATION_LEVEL = "-Onone";
				SWIFT_VERSION = 3.0;
			};
			name = Debug;
		};
		1F527E691F5664B700157CDF /* Release */ = {
			isa = XCBuildConfiguration;
			baseConfigurationReference = 3FACA193BAE4429AC20F878C /* Pods-BillShare.release.xcconfig */;
			buildSettings = {
				ASSETCATALOG_COMPILER_APPICON_NAME = AppIcon;
				CLANG_ENABLE_MODULES = YES;
				DEVELOPMENT_TEAM = VN7BJ69MPV;
				INFOPLIST_FILE = BillShare/Info.plist;
				LD_RUNPATH_SEARCH_PATHS = "$(inherited) @executable_path/Frameworks";
				PRODUCT_BUNDLE_IDENTIFIER = tjb.BillShare;
				PRODUCT_NAME = "$(TARGET_NAME)";
				SWIFT_VERSION = 3.0;
			};
			name = Release;
		};
		1F527E6B1F5664B700157CDF /* Debug */ = {
			isa = XCBuildConfiguration;
			baseConfigurationReference = 885351C0FEC2B4D35486B088 /* Pods-BillShareTests.debug.xcconfig */;
			buildSettings = {
				ALWAYS_EMBED_SWIFT_STANDARD_LIBRARIES = YES;
				BUNDLE_LOADER = "$(TEST_HOST)";
				INFOPLIST_FILE = BillShareTests/Info.plist;
				LD_RUNPATH_SEARCH_PATHS = "$(inherited) @executable_path/Frameworks @loader_path/Frameworks";
				PRODUCT_BUNDLE_IDENTIFIER = tjb.BillShareTests;
				PRODUCT_NAME = "$(TARGET_NAME)";
				SWIFT_VERSION = 3.0;
				TEST_HOST = "$(BUILT_PRODUCTS_DIR)/BillShare.app/BillShare";
			};
			name = Debug;
		};
		1F527E6C1F5664B700157CDF /* Release */ = {
			isa = XCBuildConfiguration;
			baseConfigurationReference = 4C18C3F1C9FD9256056EA37A /* Pods-BillShareTests.release.xcconfig */;
			buildSettings = {
				ALWAYS_EMBED_SWIFT_STANDARD_LIBRARIES = YES;
				BUNDLE_LOADER = "$(TEST_HOST)";
				INFOPLIST_FILE = BillShareTests/Info.plist;
				LD_RUNPATH_SEARCH_PATHS = "$(inherited) @executable_path/Frameworks @loader_path/Frameworks";
				PRODUCT_BUNDLE_IDENTIFIER = tjb.BillShareTests;
				PRODUCT_NAME = "$(TARGET_NAME)";
				SWIFT_VERSION = 3.0;
				TEST_HOST = "$(BUILT_PRODUCTS_DIR)/BillShare.app/BillShare";
			};
			name = Release;
		};
		1F527E6E1F5664B700157CDF /* Debug */ = {
			isa = XCBuildConfiguration;
			baseConfigurationReference = 52E19BEAFDB77FF5AFECEB5E /* Pods-BillShareUITests.debug.xcconfig */;
			buildSettings = {
				ALWAYS_EMBED_SWIFT_STANDARD_LIBRARIES = YES;
				INFOPLIST_FILE = BillShareUITests/Info.plist;
				LD_RUNPATH_SEARCH_PATHS = "$(inherited) @executable_path/Frameworks @loader_path/Frameworks";
				PRODUCT_BUNDLE_IDENTIFIER = tjb.BillShareUITests;
				PRODUCT_NAME = "$(TARGET_NAME)";
				SWIFT_VERSION = 3.0;
				TEST_TARGET_NAME = BillShare;
			};
			name = Debug;
		};
		1F527E6F1F5664B700157CDF /* Release */ = {
			isa = XCBuildConfiguration;
			baseConfigurationReference = 05A4987B01D7816BB8DA8BEC /* Pods-BillShareUITests.release.xcconfig */;
			buildSettings = {
				ALWAYS_EMBED_SWIFT_STANDARD_LIBRARIES = YES;
				INFOPLIST_FILE = BillShareUITests/Info.plist;
				LD_RUNPATH_SEARCH_PATHS = "$(inherited) @executable_path/Frameworks @loader_path/Frameworks";
				PRODUCT_BUNDLE_IDENTIFIER = tjb.BillShareUITests;
				PRODUCT_NAME = "$(TARGET_NAME)";
				SWIFT_VERSION = 3.0;
				TEST_TARGET_NAME = BillShare;
			};
			name = Release;
		};
/* End XCBuildConfiguration section */

/* Begin XCConfigurationList section */
		1F527E371F5664B700157CDF /* Build configuration list for PBXProject "BillShare" */ = {
			isa = XCConfigurationList;
			buildConfigurations = (
				1F527E651F5664B700157CDF /* Debug */,
				1F527E661F5664B700157CDF /* Release */,
			);
			defaultConfigurationIsVisible = 0;
			defaultConfigurationName = Release;
		};
		1F527E671F5664B700157CDF /* Build configuration list for PBXNativeTarget "BillShare" */ = {
			isa = XCConfigurationList;
			buildConfigurations = (
				1F527E681F5664B700157CDF /* Debug */,
				1F527E691F5664B700157CDF /* Release */,
			);
			defaultConfigurationIsVisible = 0;
			defaultConfigurationName = Release;
		};
		1F527E6A1F5664B700157CDF /* Build configuration list for PBXNativeTarget "BillShareTests" */ = {
			isa = XCConfigurationList;
			buildConfigurations = (
				1F527E6B1F5664B700157CDF /* Debug */,
				1F527E6C1F5664B700157CDF /* Release */,
			);
			defaultConfigurationIsVisible = 0;
			defaultConfigurationName = Release;
		};
		1F527E6D1F5664B700157CDF /* Build configuration list for PBXNativeTarget "BillShareUITests" */ = {
			isa = XCConfigurationList;
			buildConfigurations = (
				1F527E6E1F5664B700157CDF /* Debug */,
				1F527E6F1F5664B700157CDF /* Release */,
			);
			defaultConfigurationIsVisible = 0;
			defaultConfigurationName = Release;
		};
/* End XCConfigurationList section */

/* Begin XCVersionGroup section */
		1FB1825E1F5DFB1800E9EA1E /* Model.xcdatamodeld */ = {
			isa = XCVersionGroup;
			children = (
				1FB1825F1F5DFB1800E9EA1E /* Model.xcdatamodel */,
			);
			currentVersion = 1FB1825F1F5DFB1800E9EA1E /* Model.xcdatamodel */;
			name = Model.xcdatamodeld;
			path = ../Model.xcdatamodeld;
			sourceTree = "<group>";
			versionGroupType = wrapper.xcdatamodel;
		};
/* End XCVersionGroup section */
	};
	rootObject = 1F527E341F5664B700157CDF /* Project object */;
}
